
Microsoft Visual Studio Solution File, Format Version 12.00
Project("{2150E333-8FDC-42A3-9474-1A3956D46DE8}") = "Axo.Middleware.Ulta", "Axo.Middleware.Ulta", "{1CB48A8D-848D-41AE-A086-C39629936AA6}"
EndProject
Project("{2150E333-8FDC-42A3-9474-1A3956D46DE8}") = "Axo.Middleware.Shared", "Axo.Middleware.Shared", "{E11F0B88-6C40-4BF6-8AF9-E4EF9F9D1E9B}"
EndProject
Project("{FAE04EC0-301F-11D3-BF4B-00C04F79EFBC}") = "Ulta.Application", "src\Axo.Middleware.Ulta\Ulta.Application\Ulta.Application.csproj", "{E9605E30-8F49-45E5-85E6-559E15454697}"
EndProject
Project("{FAE04EC0-301F-11D3-BF4B-00C04F79EFBC}") = "Ulta.Api", "src\Axo.Middleware.Ulta\Ulta.Api\Ulta.Api.csproj", "{E0B81D82-FE36-42C1-8DD5-B0373888FBA1}"
EndProject
Project("{FAE04EC0-301F-11D3-BF4B-00C04F79EFBC}") = "Ulta.Infrastructure", "src\Axo.Middleware.Ulta\Ulta.Infrastructure\Ulta.Infrastructure.csproj", "{4B8A7808-EB7E-44FC-8B20-AC76AC9AAAC8}"
EndProject
Project("{FAE04EC0-301F-11D3-BF4B-00C04F79EFBC}") = "Ulta.Domain", "src\Axo.Middleware.Ulta\Ulta.Domain\Ulta.Domain.csproj", "{4416250E-D30D-4E40-A9AB-F0A9E5837962}"
EndProject
Project("{FAE04EC0-301F-11D3-BF4B-00C04F79EFBC}") = "Axo.Shared.FileService", "src\Axo.Middleware.Shared\Axo.Shared.FileService\Axo.Shared.FileService.csproj", "{1459B70E-15CB-4258-8D20-AEB1C352A73E}"
EndProject
Project("{2150E333-8FDC-42A3-9474-1A3956D46DE8}") = "Axo.Middleware.Abercrombie", "Axo.Middleware.Abercrombie", "{2A96A8D9-B35F-4670-B5BF-8105CC246E70}"
EndProject
Project("{FAE04EC0-301F-11D3-BF4B-00C04F79EFBC}") = "Abercrombie.Lambda", "src\Axo.Middleware.Abercrombie\Abercrombie.Lambda\src\Abercrombie.Lambda\Abercrombie.Lambda.csproj", "{FAF5BEC7-C1F9-46DD-9BE9-A5941FFFDDEA}"
EndProject
Project("{FAE04EC0-301F-11D3-BF4B-00C04F79EFBC}") = "Abercrombie.Infrastructure", "src\Axo.Middleware.Abercrombie\Abercrombie.Infrastructure\Abercrombie.Infrastructure.csproj", "{D756AE85-160B-4BAA-A5AE-1C2B1663D7AD}"
EndProject
Project("{FAE04EC0-301F-11D3-BF4B-00C04F79EFBC}") = "Axo.Shared.SecretsManagerService", "src\Axo.Middleware.Shared\Axo.Shared.SecretsManagerService\Axo.Shared.SecretsManagerService.csproj", "{2EA0A1C8-E0F8-433B-83BB-5E0B7A740CD1}"
EndProject
Project("{FAE04EC0-301F-11D3-BF4B-00C04F79EFBC}") = "Abercrombie.Application", "src\Axo.Middleware.Abercrombie\Abercrombie.Application\Abercrombie.Application.csproj", "{A117FBEC-21F3-457A-932D-B9B6D091D851}"
EndProject
Project("{FAE04EC0-301F-11D3-BF4B-00C04F79EFBC}") = "Abercrombie.Domain", "src\Axo.Middleware.Abercrombie\Abercrombie.Domain\Abercrombie.Domain.csproj", "{A7FE7266-CADD-4F55-9569-466EEA5FF944}"
EndProject
Project("{2150E333-8FDC-42A3-9474-1A3956D46DE8}") = "Axo.Middleware.Functions", "Axo.Middleware.Functions", "{91C1E325-3AE0-4755-8622-C68F8B65F12B}"
EndProject
Project("{FAE04EC0-301F-11D3-BF4B-00C04F79EFBC}") = "Axo.Functions.FileSegmentation", "src\Axo.Middleware.Functions\Axo.Functions.FileSegmentation\src\Axo.Functions.FileSegmentation\Axo.Functions.FileSegmentation.csproj", "{34E6B65C-B356-4526-87E9-F598AFA6A40A}"
EndProject
Project("{FAE04EC0-301F-11D3-BF4B-00C04F79EFBC}") = "Axo.Functions.UploadInfo", "src\Axo.Middleware.Functions\Axo.Functions.UploadInfo\src\Axo.Functions.UploadInfo\Axo.Functions.UploadInfo.csproj", "{06E0D3B9-9C5B-4E38-BB44-B6B49BEA1774}"
EndProject
Project("{FAE04EC0-301F-11D3-BF4B-00C04F79EFBC}") = "Axo.Functions.Save", "src\Axo.Middleware.Functions\Axo.Functions.Save\src\Axo.Functions.Save\Axo.Functions.Save.csproj", "{F76CBCAF-B5BB-440C-9EEF-29D0ADD37837}"
EndProject
Global
	GlobalSection(SolutionConfigurationPlatforms) = preSolution
		Debug|Any CPU = Debug|Any CPU
		Release|Any CPU = Release|Any CPU
	EndGlobalSection
	GlobalSection(NestedProjects) = preSolution
		{E9605E30-8F49-45E5-85E6-559E15454697} = {1CB48A8D-848D-41AE-A086-C39629936AA6}
		{E0B81D82-FE36-42C1-8DD5-B0373888FBA1} = {1CB48A8D-848D-41AE-A086-C39629936AA6}
		{4B8A7808-EB7E-44FC-8B20-AC76AC9AAAC8} = {1CB48A8D-848D-41AE-A086-C39629936AA6}
		{4416250E-D30D-4E40-A9AB-F0A9E5837962} = {1CB48A8D-848D-41AE-A086-C39629936AA6}
		{1459B70E-15CB-4258-8D20-AEB1C352A73E} = {E11F0B88-6C40-4BF6-8AF9-E4EF9F9D1E9B}
		{FAF5BEC7-C1F9-46DD-9BE9-A5941FFFDDEA} = {2A96A8D9-B35F-4670-B5BF-8105CC246E70}
		{D756AE85-160B-4BAA-A5AE-1C2B1663D7AD} = {2A96A8D9-B35F-4670-B5BF-8105CC246E70}
		{2EA0A1C8-E0F8-433B-83BB-5E0B7A740CD1} = {E11F0B88-6C40-4BF6-8AF9-E4EF9F9D1E9B}
		{A117FBEC-21F3-457A-932D-B9B6D091D851} = {2A96A8D9-B35F-4670-B5BF-8105CC246E70}
		{A7FE7266-CADD-4F55-9569-466EEA5FF944} = {2A96A8D9-B35F-4670-B5BF-8105CC246E70}
		{34E6B65C-B356-4526-87E9-F598AFA6A40A} = {91C1E325-3AE0-4755-8622-C68F8B65F12B}
		{06E0D3B9-9C5B-4E38-BB44-B6B49BEA1774} = {91C1E325-3AE0-4755-8622-C68F8B65F12B}
		{F76CBCAF-B5BB-440C-9EEF-29D0ADD37837} = {91C1E325-3AE0-4755-8622-C68F8B65F12B}
	EndGlobalSection
	GlobalSection(ProjectConfigurationPlatforms) = postSolution
		{E9605E30-8F49-45E5-85E6-559E15454697}.Debug|Any CPU.ActiveCfg = Debug|Any CPU
		{E9605E30-8F49-45E5-85E6-559E15454697}.Debug|Any CPU.Build.0 = Debug|Any CPU
		{E9605E30-8F49-45E5-85E6-559E15454697}.Release|Any CPU.ActiveCfg = Release|Any CPU
		{E9605E30-8F49-45E5-85E6-559E15454697}.Release|Any CPU.Build.0 = Release|Any CPU
		{E0B81D82-FE36-42C1-8DD5-B0373888FBA1}.Debug|Any CPU.ActiveCfg = Debug|Any CPU
		{E0B81D82-FE36-42C1-8DD5-B0373888FBA1}.Debug|Any CPU.Build.0 = Debug|Any CPU
		{E0B81D82-FE36-42C1-8DD5-B0373888FBA1}.Release|Any CPU.ActiveCfg = Release|Any CPU
		{E0B81D82-FE36-42C1-8DD5-B0373888FBA1}.Release|Any CPU.Build.0 = Release|Any CPU
		{4B8A7808-EB7E-44FC-8B20-AC76AC9AAAC8}.Debug|Any CPU.ActiveCfg = Debug|Any CPU
		{4B8A7808-EB7E-44FC-8B20-AC76AC9AAAC8}.Debug|Any CPU.Build.0 = Debug|Any CPU
		{4B8A7808-EB7E-44FC-8B20-AC76AC9AAAC8}.Release|Any CPU.ActiveCfg = Release|Any CPU
		{4B8A7808-EB7E-44FC-8B20-AC76AC9AAAC8}.Release|Any CPU.Build.0 = Release|Any CPU
		{4416250E-D30D-4E40-A9AB-F0A9E5837962}.Debug|Any CPU.ActiveCfg = Debug|Any CPU
		{4416250E-D30D-4E40-A9AB-F0A9E5837962}.Debug|Any CPU.Build.0 = Debug|Any CPU
		{4416250E-D30D-4E40-A9AB-F0A9E5837962}.Release|Any CPU.ActiveCfg = Release|Any CPU
		{4416250E-D30D-4E40-A9AB-F0A9E5837962}.Release|Any CPU.Build.0 = Release|Any CPU
		{1459B70E-15CB-4258-8D20-AEB1C352A73E}.Debug|Any CPU.ActiveCfg = Debug|Any CPU
		{1459B70E-15CB-4258-8D20-AEB1C352A73E}.Debug|Any CPU.Build.0 = Debug|Any CPU
		{1459B70E-15CB-4258-8D20-AEB1C352A73E}.Release|Any CPU.ActiveCfg = Release|Any CPU
		{1459B70E-15CB-4258-8D20-AEB1C352A73E}.Release|Any CPU.Build.0 = Release|Any CPU
		{FAF5BEC7-C1F9-46DD-9BE9-A5941FFFDDEA}.Debug|Any CPU.ActiveCfg = Debug|Any CPU
		{FAF5BEC7-C1F9-46DD-9BE9-A5941FFFDDEA}.Debug|Any CPU.Build.0 = Debug|Any CPU
		{FAF5BEC7-C1F9-46DD-9BE9-A5941FFFDDEA}.Release|Any CPU.ActiveCfg = Release|Any CPU
		{FAF5BEC7-C1F9-46DD-9BE9-A5941FFFDDEA}.Release|Any CPU.Build.0 = Release|Any CPU
		{D756AE85-160B-4BAA-A5AE-1C2B1663D7AD}.Debug|Any CPU.ActiveCfg = Debug|Any CPU
		{D756AE85-160B-4BAA-A5AE-1C2B1663D7AD}.Debug|Any CPU.Build.0 = Debug|Any CPU
		{D756AE85-160B-4BAA-A5AE-1C2B1663D7AD}.Release|Any CPU.ActiveCfg = Release|Any CPU
		{D756AE85-160B-4BAA-A5AE-1C2B1663D7AD}.Release|Any CPU.Build.0 = Release|Any CPU
		{2EA0A1C8-E0F8-433B-83BB-5E0B7A740CD1}.Debug|Any CPU.ActiveCfg = Debug|Any CPU
		{2EA0A1C8-E0F8-433B-83BB-5E0B7A740CD1}.Debug|Any CPU.Build.0 = Debug|Any CPU
		{2EA0A1C8-E0F8-433B-83BB-5E0B7A740CD1}.Release|Any CPU.ActiveCfg = Release|Any CPU
		{2EA0A1C8-E0F8-433B-83BB-5E0B7A740CD1}.Release|Any CPU.Build.0 = Release|Any CPU
		{A117FBEC-21F3-457A-932D-B9B6D091D851}.Debug|Any CPU.ActiveCfg = Debug|Any CPU
		{A117FBEC-21F3-457A-932D-B9B6D091D851}.Debug|Any CPU.Build.0 = Debug|Any CPU
		{A117FBEC-21F3-457A-932D-B9B6D091D851}.Release|Any CPU.ActiveCfg = Release|Any CPU
		{A117FBEC-21F3-457A-932D-B9B6D091D851}.Release|Any CPU.Build.0 = Release|Any CPU
		{A7FE7266-CADD-4F55-9569-466EEA5FF944}.Debug|Any CPU.ActiveCfg = Debug|Any CPU
		{A7FE7266-CADD-4F55-9569-466EEA5FF944}.Debug|Any CPU.Build.0 = Debug|Any CPU
		{A7FE7266-CADD-4F55-9569-466EEA5FF944}.Release|Any CPU.ActiveCfg = Release|Any CPU
		{A7FE7266-CADD-4F55-9569-466EEA5FF944}.Release|Any CPU.Build.0 = Release|Any CPU
		{34E6B65C-B356-4526-87E9-F598AFA6A40A}.Debug|Any CPU.ActiveCfg = Debug|Any CPU
		{34E6B65C-B356-4526-87E9-F598AFA6A40A}.Debug|Any CPU.Build.0 = Debug|Any CPU
		{34E6B65C-B356-4526-87E9-F598AFA6A40A}.Release|Any CPU.ActiveCfg = Release|Any CPU
		{34E6B65C-B356-4526-87E9-F598AFA6A40A}.Release|Any CPU.Build.0 = Release|Any CPU
		{06E0D3B9-9C5B-4E38-BB44-B6B49BEA1774}.Debug|Any CPU.ActiveCfg = Debug|Any CPU
		{06E0D3B9-9C5B-4E38-BB44-B6B49BEA1774}.Debug|Any CPU.Build.0 = Debug|Any CPU
		{06E0D3B9-9C5B-4E38-BB44-B6B49BEA1774}.Release|Any CPU.ActiveCfg = Release|Any CPU
		{06E0D3B9-9C5B-4E38-BB44-B6B49BEA1774}.Release|Any CPU.Build.0 = Release|Any CPU
		{F76CBCAF-B5BB-440C-9EEF-29D0ADD37837}.Debug|Any CPU.ActiveCfg = Debug|Any CPU
		{F76CBCAF-B5BB-440C-9EEF-29D0ADD37837}.Debug|Any CPU.Build.0 = Debug|Any CPU
		{F76CBCAF-B5BB-440C-9EEF-29D0ADD37837}.Release|Any CPU.ActiveCfg = Release|Any CPU
		{F76CBCAF-B5BB-440C-9EEF-29D0ADD37837}.Release|Any CPU.Build.0 = Release|Any CPU
	EndGlobalSection
EndGlobal
